
Microsoft Visual Studio Solution File, Format Version 12.00
# Visual Studio Version 17
VisualStudioVersion = 17.3.32922.545
MinimumVisualStudioVersion = 10.0.40219.1
Project("{2150E333-8FDC-42A3-9474-1A3956D46DE8}") = "src", "src", "{9113A26F-02A0-4C87-A6FB-F4D30F0C9FD6}"
EndProject
Project("{2150E333-8FDC-42A3-9474-1A3956D46DE8}") = "Domain", "Domain", "{0FA3BBF6-AA8F-46F3-A977-CBBAA71D3250}"
EndProject
Project("{2150E333-8FDC-42A3-9474-1A3956D46DE8}") = "Event", "Event", "{541D251B-1944-46E5-89E6-AF8DC9204D85}"
EndProject
Project("{2150E333-8FDC-42A3-9474-1A3956D46DE8}") = "Infrastructure", "Infrastructure", "{610FD09C-CE05-42F5-9B68-81428D857C0E}"
EndProject
Project("{2150E333-8FDC-42A3-9474-1A3956D46DE8}") = "Utilities", "Utilities", "{3457E7A5-28AD-4C42-982C-2A69C86955F1}"
EndProject
Project("{9A19103F-16F7-4668-BE54-9A1E7A4F7556}") = "N5.Domain", "src\N5.Domain\N5.Domain.csproj", "{C8BB3195-77F0-418D-B273-4A655163862F}"
EndProject
Project("{FAE04EC0-301F-11D3-BF4B-00C04F79EFBC}") = "N5.Utilities", "N5.Utilities\N5.Utilities.csproj", "{F1F747D0-B69D-42C3-BA65-A07A51BA75AC}"
EndProject
Project("{FAE04EC0-301F-11D3-BF4B-00C04F79EFBC}") = "N5.Event", "N5.Event\N5.Event.csproj", "{70E1E3EC-4315-4746-BE4B-BD10162C48FD}"
EndProject
Project("{2150E333-8FDC-42A3-9474-1A3956D46DE8}") = "Eda", "Eda", "{582621B2-EBB5-442F-8B62-D1082849BB51}"
EndProject
Project("{FAE04EC0-301F-11D3-BF4B-00C04F79EFBC}") = "N5.Eda.Kafka", "N5.Eda.Kafka\N5.Eda.Kafka.csproj", "{274BEC04-16C9-4EC8-A1DD-DF42D412F106}"
EndProject
Project("{FAE04EC0-301F-11D3-BF4B-00C04F79EFBC}") = "N5.Eda", "N5.Eda\N5.Eda.csproj", "{5776804B-5A23-471F-8DAF-B5F675CC558E}"
EndProject
Global
	GlobalSection(SolutionConfigurationPlatforms) = preSolution
		Debug|Any CPU = Debug|Any CPU
		Release|Any CPU = Release|Any CPU
	EndGlobalSection
	GlobalSection(ProjectConfigurationPlatforms) = postSolution
		{C8BB3195-77F0-418D-B273-4A655163862F}.Debug|Any CPU.ActiveCfg = Debug|Any CPU
		{C8BB3195-77F0-418D-B273-4A655163862F}.Debug|Any CPU.Build.0 = Debug|Any CPU
		{C8BB3195-77F0-418D-B273-4A655163862F}.Release|Any CPU.ActiveCfg = Release|Any CPU
		{C8BB3195-77F0-418D-B273-4A655163862F}.Release|Any CPU.Build.0 = Release|Any CPU
		{F1F747D0-B69D-42C3-BA65-A07A51BA75AC}.Debug|Any CPU.ActiveCfg = Debug|Any CPU
		{F1F747D0-B69D-42C3-BA65-A07A51BA75AC}.Debug|Any CPU.Build.0 = Debug|Any CPU
		{F1F747D0-B69D-42C3-BA65-A07A51BA75AC}.Release|Any CPU.ActiveCfg = Release|Any CPU
		{F1F747D0-B69D-42C3-BA65-A07A51BA75AC}.Release|Any CPU.Build.0 = Release|Any CPU
		{70E1E3EC-4315-4746-BE4B-BD10162C48FD}.Debug|Any CPU.ActiveCfg = Debug|Any CPU
		{70E1E3EC-4315-4746-BE4B-BD10162C48FD}.Debug|Any CPU.Build.0 = Debug|Any CPU
		{70E1E3EC-4315-4746-BE4B-BD10162C48FD}.Release|Any CPU.ActiveCfg = Release|Any CPU
		{70E1E3EC-4315-4746-BE4B-BD10162C48FD}.Release|Any CPU.Build.0 = Release|Any CPU
		{274BEC04-16C9-4EC8-A1DD-DF42D412F106}.Debug|Any CPU.ActiveCfg = Debug|Any CPU
		{274BEC04-16C9-4EC8-A1DD-DF42D412F106}.Debug|Any CPU.Build.0 = Debug|Any CPU
		{274BEC04-16C9-4EC8-A1DD-DF42D412F106}.Release|Any CPU.ActiveCfg = Release|Any CPU
		{274BEC04-16C9-4EC8-A1DD-DF42D412F106}.Release|Any CPU.Build.0 = Release|Any CPU
		{5776804B-5A23-471F-8DAF-B5F675CC558E}.Debug|Any CPU.ActiveCfg = Debug|Any CPU
		{5776804B-5A23-471F-8DAF-B5F675CC558E}.Debug|Any CPU.Build.0 = Debug|Any CPU
		{5776804B-5A23-471F-8DAF-B5F675CC558E}.Release|Any CPU.ActiveCfg = Release|Any CPU
		{5776804B-5A23-471F-8DAF-B5F675CC558E}.Release|Any CPU.Build.0 = Release|Any CPU
	EndGlobalSection
	GlobalSection(SolutionProperties) = preSolution
		HideSolutionNode = FALSE
	EndGlobalSection
	GlobalSection(NestedProjects) = preSolution
		{0FA3BBF6-AA8F-46F3-A977-CBBAA71D3250} = {9113A26F-02A0-4C87-A6FB-F4D30F0C9FD6}
		{541D251B-1944-46E5-89E6-AF8DC9204D85} = {9113A26F-02A0-4C87-A6FB-F4D30F0C9FD6}
		{610FD09C-CE05-42F5-9B68-81428D857C0E} = {9113A26F-02A0-4C87-A6FB-F4D30F0C9FD6}
		{3457E7A5-28AD-4C42-982C-2A69C86955F1} = {9113A26F-02A0-4C87-A6FB-F4D30F0C9FD6}
		{C8BB3195-77F0-418D-B273-4A655163862F} = {0FA3BBF6-AA8F-46F3-A977-CBBAA71D3250}
		{F1F747D0-B69D-42C3-BA65-A07A51BA75AC} = {3457E7A5-28AD-4C42-982C-2A69C86955F1}
		{70E1E3EC-4315-4746-BE4B-BD10162C48FD} = {541D251B-1944-46E5-89E6-AF8DC9204D85}
		{582621B2-EBB5-442F-8B62-D1082849BB51} = {9113A26F-02A0-4C87-A6FB-F4D30F0C9FD6}
		{274BEC04-16C9-4EC8-A1DD-DF42D412F106} = {582621B2-EBB5-442F-8B62-D1082849BB51}
		{5776804B-5A23-471F-8DAF-B5F675CC558E} = {582621B2-EBB5-442F-8B62-D1082849BB51}
	EndGlobalSection
	GlobalSection(ExtensibilityGlobals) = postSolution
		SolutionGuid = {AD0F3E75-2A62-42BA-B9FF-651537D1B689}
	EndGlobalSection
EndGlobal
