
Microsoft Visual Studio Solution File, Format Version 12.00
# Visual Studio Version 17
VisualStudioVersion = 17.3.32922.545
MinimumVisualStudioVersion = 10.0.40219.1
Project("{2150E333-8FDC-42A3-9474-1A3956D46DE8}") = "src", "src", "{9113A26F-02A0-4C87-A6FB-F4D30F0C9FD6}"
EndProject
Project("{2150E333-8FDC-42A3-9474-1A3956D46DE8}") = "Domain", "Domain", "{0FA3BBF6-AA8F-46F3-A977-CBBAA71D3250}"
EndProject
Project("{2150E333-8FDC-42A3-9474-1A3956D46DE8}") = "Event", "Event", "{541D251B-1944-46E5-89E6-AF8DC9204D85}"
EndProject
Project("{2150E333-8FDC-42A3-9474-1A3956D46DE8}") = "Infrastructure", "Infrastructure", "{610FD09C-CE05-42F5-9B68-81428D857C0E}"
EndProject
Project("{2150E333-8FDC-42A3-9474-1A3956D46DE8}") = "Utilities", "Utilities", "{3457E7A5-28AD-4C42-982C-2A69C86955F1}"
EndProject
Project("{9A19103F-16F7-4668-BE54-9A1E7A4F7556}") = "N5.Domain", "src\N5.Domain\N5.Domain.csproj", "{C8BB3195-77F0-418D-B273-4A655163862F}"
EndProject
Project("{2150E333-8FDC-42A3-9474-1A3956D46DE8}") = "Eda", "Eda", "{582621B2-EBB5-442F-8B62-D1082849BB51}"
EndProject
Project("{9A19103F-16F7-4668-BE54-9A1E7A4F7556}") = "N5.Eda", "src\N5.Eda\N5.Eda.csproj", "{D788321B-8F2C-4942-8947-EC2527DD31C7}"
EndProject
Project("{9A19103F-16F7-4668-BE54-9A1E7A4F7556}") = "N5.Eda.Kafka", "src\N5.Eda.Kafka\N5.Eda.Kafka.csproj", "{2D1955DB-AF31-4BCF-8715-298F9C4B6E82}"
EndProject
Project("{9A19103F-16F7-4668-BE54-9A1E7A4F7556}") = "N5.Eda.RequestReply", "src\N5.Eda.RequestReply\N5.Eda.RequestReply.csproj", "{96CFFDF4-703A-41C7-83D9-0966DDE20278}"
EndProject
Project("{9A19103F-16F7-4668-BE54-9A1E7A4F7556}") = "N5.Utilities", "src\N5.Utilities\N5.Utilities.csproj", "{5CBAAC91-29C7-4DFD-B78C-B3E80AAEC179}"
EndProject
Project("{9A19103F-16F7-4668-BE54-9A1E7A4F7556}") = "N5.Event", "src\N5.Event\N5.Event.csproj", "{342DDB3C-F3A0-4476-8A2E-CCA4C25192A2}"
EndProject
Global
	GlobalSection(SolutionConfigurationPlatforms) = preSolution
		Debug|Any CPU = Debug|Any CPU
		Release|Any CPU = Release|Any CPU
	EndGlobalSection
	GlobalSection(ProjectConfigurationPlatforms) = postSolution
		{C8BB3195-77F0-418D-B273-4A655163862F}.Debug|Any CPU.ActiveCfg = Debug|Any CPU
		{C8BB3195-77F0-418D-B273-4A655163862F}.Debug|Any CPU.Build.0 = Debug|Any CPU
		{C8BB3195-77F0-418D-B273-4A655163862F}.Release|Any CPU.ActiveCfg = Release|Any CPU
		{C8BB3195-77F0-418D-B273-4A655163862F}.Release|Any CPU.Build.0 = Release|Any CPU
		{D788321B-8F2C-4942-8947-EC2527DD31C7}.Debug|Any CPU.ActiveCfg = Debug|Any CPU
		{D788321B-8F2C-4942-8947-EC2527DD31C7}.Debug|Any CPU.Build.0 = Debug|Any CPU
		{D788321B-8F2C-4942-8947-EC2527DD31C7}.Release|Any CPU.ActiveCfg = Release|Any CPU
		{D788321B-8F2C-4942-8947-EC2527DD31C7}.Release|Any CPU.Build.0 = Release|Any CPU
		{2D1955DB-AF31-4BCF-8715-298F9C4B6E82}.Debug|Any CPU.ActiveCfg = Debug|Any CPU
		{2D1955DB-AF31-4BCF-8715-298F9C4B6E82}.Debug|Any CPU.Build.0 = Debug|Any CPU
		{2D1955DB-AF31-4BCF-8715-298F9C4B6E82}.Release|Any CPU.ActiveCfg = Release|Any CPU
		{2D1955DB-AF31-4BCF-8715-298F9C4B6E82}.Release|Any CPU.Build.0 = Release|Any CPU
		{96CFFDF4-703A-41C7-83D9-0966DDE20278}.Debug|Any CPU.ActiveCfg = Debug|Any CPU
		{96CFFDF4-703A-41C7-83D9-0966DDE20278}.Debug|Any CPU.Build.0 = Debug|Any CPU
		{96CFFDF4-703A-41C7-83D9-0966DDE20278}.Release|Any CPU.ActiveCfg = Release|Any CPU
		{96CFFDF4-703A-41C7-83D9-0966DDE20278}.Release|Any CPU.Build.0 = Release|Any CPU
		{5CBAAC91-29C7-4DFD-B78C-B3E80AAEC179}.Debug|Any CPU.ActiveCfg = Debug|Any CPU
		{5CBAAC91-29C7-4DFD-B78C-B3E80AAEC179}.Debug|Any CPU.Build.0 = Debug|Any CPU
		{5CBAAC91-29C7-4DFD-B78C-B3E80AAEC179}.Release|Any CPU.ActiveCfg = Release|Any CPU
		{5CBAAC91-29C7-4DFD-B78C-B3E80AAEC179}.Release|Any CPU.Build.0 = Release|Any CPU
		{342DDB3C-F3A0-4476-8A2E-CCA4C25192A2}.Debug|Any CPU.ActiveCfg = Debug|Any CPU
		{342DDB3C-F3A0-4476-8A2E-CCA4C25192A2}.Debug|Any CPU.Build.0 = Debug|Any CPU
		{342DDB3C-F3A0-4476-8A2E-CCA4C25192A2}.Release|Any CPU.ActiveCfg = Release|Any CPU
		{342DDB3C-F3A0-4476-8A2E-CCA4C25192A2}.Release|Any CPU.Build.0 = Release|Any CPU
	EndGlobalSection
	GlobalSection(SolutionProperties) = preSolution
		HideSolutionNode = FALSE
	EndGlobalSection
	GlobalSection(NestedProjects) = preSolution
		{0FA3BBF6-AA8F-46F3-A977-CBBAA71D3250} = {9113A26F-02A0-4C87-A6FB-F4D30F0C9FD6}
		{541D251B-1944-46E5-89E6-AF8DC9204D85} = {9113A26F-02A0-4C87-A6FB-F4D30F0C9FD6}
		{610FD09C-CE05-42F5-9B68-81428D857C0E} = {9113A26F-02A0-4C87-A6FB-F4D30F0C9FD6}
		{3457E7A5-28AD-4C42-982C-2A69C86955F1} = {9113A26F-02A0-4C87-A6FB-F4D30F0C9FD6}
		{C8BB3195-77F0-418D-B273-4A655163862F} = {0FA3BBF6-AA8F-46F3-A977-CBBAA71D3250}
		{582621B2-EBB5-442F-8B62-D1082849BB51} = {9113A26F-02A0-4C87-A6FB-F4D30F0C9FD6}
		{D788321B-8F2C-4942-8947-EC2527DD31C7} = {582621B2-EBB5-442F-8B62-D1082849BB51}
		{2D1955DB-AF31-4BCF-8715-298F9C4B6E82} = {582621B2-EBB5-442F-8B62-D1082849BB51}
		{96CFFDF4-703A-41C7-83D9-0966DDE20278} = {582621B2-EBB5-442F-8B62-D1082849BB51}
		{5CBAAC91-29C7-4DFD-B78C-B3E80AAEC179} = {3457E7A5-28AD-4C42-982C-2A69C86955F1}
		{342DDB3C-F3A0-4476-8A2E-CCA4C25192A2} = {541D251B-1944-46E5-89E6-AF8DC9204D85}
	EndGlobalSection
	GlobalSection(ExtensibilityGlobals) = postSolution
		SolutionGuid = {AD0F3E75-2A62-42BA-B9FF-651537D1B689}
	EndGlobalSection
EndGlobal
