
Microsoft Visual Studio Solution File, Format Version 12.00
# Visual Studio Version 17
VisualStudioVersion = 17.3.32922.545
MinimumVisualStudioVersion = 10.0.40219.1
Project("{2150E333-8FDC-42A3-9474-1A3956D46DE8}") = "Application", "Application", "{836088AB-88B4-4C94-8096-E6E6F95CFA6E}"
EndProject
Project("{2150E333-8FDC-42A3-9474-1A3956D46DE8}") = "Domain", "Domain", "{6A49D105-9EC0-4CD0-BED2-749A5E326F47}"
EndProject
Project("{2150E333-8FDC-42A3-9474-1A3956D46DE8}") = "Infrastructure", "Infrastructure", "{D2224426-2EBC-4756-974F-86115019EA63}"
EndProject
Project("{2150E333-8FDC-42A3-9474-1A3956D46DE8}") = "Architecture", "Architecture", "{28C63F79-05B5-48ED-A365-A5E41BD619D4}"
EndProject
Project("{9A19103F-16F7-4668-BE54-9A1E7A4F7556}") = "N5.Domain", "Architecture\N5.Domain\N5.Domain.csproj", "{033ED62E-69F7-49FA-BF55-875E53B4044E}"
EndProject
Project("{9A19103F-16F7-4668-BE54-9A1E7A4F7556}") = "N5.Eda", "Architecture\N5.Eda\N5.Eda.csproj", "{17F3C660-BCBC-4983-8F24-4BB4BB178C76}"
EndProject
Project("{9A19103F-16F7-4668-BE54-9A1E7A4F7556}") = "N5.Eda.Kafka", "Architecture\N5.Eda.Kafka\N5.Eda.Kafka.csproj", "{DF154719-CABF-430F-9102-E70BC80E1061}"
EndProject
Project("{9A19103F-16F7-4668-BE54-9A1E7A4F7556}") = "N5.Eda.RequestReply", "Architecture\N5.Eda.RequestReply\N5.Eda.RequestReply.csproj", "{671A16B4-DE0A-4EDC-9C87-74EE147E74EF}"
EndProject
Project("{9A19103F-16F7-4668-BE54-9A1E7A4F7556}") = "N5.Event", "Architecture\N5.Event\N5.Event.csproj", "{E95DA172-20EF-4ACF-9A03-99D6F539758B}"
EndProject
Project("{9A19103F-16F7-4668-BE54-9A1E7A4F7556}") = "N5.Utilities", "Architecture\N5.Utilities\N5.Utilities.csproj", "{A03709C9-164D-4B9C-BDA0-7F95A5835B64}"
EndProject
Project("{2150E333-8FDC-42A3-9474-1A3956D46DE8}") = "User", "User", "{307389D5-CF3B-4F9E-A519-14FA3F89A998}"
EndProject
Project("{9A19103F-16F7-4668-BE54-9A1E7A4F7556}") = "N5.User.Domain", "User\N5.Microservice.User\N5.User.Domain\N5.User.Domain.csproj", "{FD8BFEF2-4B3D-451E-B3FD-2FEF41739E88}"
EndProject
Project("{2150E333-8FDC-42A3-9474-1A3956D46DE8}") = "Presentation", "Presentation", "{1FDA3F76-53FE-4EA7-8D6E-480EA75C6213}"
EndProject
Project("{9A19103F-16F7-4668-BE54-9A1E7A4F7556}") = "N5.User.Services", "User\N5.User.Services\N5.User.Services.csproj", "{4B94D33C-C687-431C-8925-7C6EA8D37AE7}"
EndProject
Project("{2150E333-8FDC-42A3-9474-1A3956D46DE8}") = "Persistence", "Persistence", "{EA2E4F87-58D6-4D2E-9496-4763B0D24C2F}"
EndProject
Project("{9A19103F-16F7-4668-BE54-9A1E7A4F7556}") = "N5.User.Infrastructure.Persistence", "User\N5.User.Infrastructure.Persistence\N5.User.Infrastructure.Persistence.csproj", "{C7BA0307-7452-4B8B-B4E8-37093816F5AE}"
EndProject
Project("{9A19103F-16F7-4668-BE54-9A1E7A4F7556}") = "N5.User.Application", "User\N5.User.Application\N5.User.Application.csproj", "{C5C27F3A-7AB4-4465-A7C3-8A932496B0AB}"
EndProject
Project("{2150E333-8FDC-42A3-9474-1A3956D46DE8}") = "TryCatch", "TryCatch", "{2DC53A8A-6DD3-48DF-A281-9EAFB4DC9C12}"
EndProject
Project("{9A19103F-16F7-4668-BE54-9A1E7A4F7556}") = "N5.TryCatch", "Architecture\N5.TryCatch\N5.TryCatch.csproj", "{6794BE00-0E48-4E59-9943-45EDDADF0DE7}"
EndProject
Project("{FAE04EC0-301F-11D3-BF4B-00C04F79EFBC}") = "N5.User.Api", "User\N5.User.Api\N5.User.Api.csproj", "{2C472564-B47D-4AD0-AFD3-777D43D3F68F}"
EndProject
Global
	GlobalSection(SolutionConfigurationPlatforms) = preSolution
		Debug|Any CPU = Debug|Any CPU
		Release|Any CPU = Release|Any CPU
	EndGlobalSection
	GlobalSection(ProjectConfigurationPlatforms) = postSolution
		{033ED62E-69F7-49FA-BF55-875E53B4044E}.Debug|Any CPU.ActiveCfg = Debug|Any CPU
		{033ED62E-69F7-49FA-BF55-875E53B4044E}.Debug|Any CPU.Build.0 = Debug|Any CPU
		{033ED62E-69F7-49FA-BF55-875E53B4044E}.Release|Any CPU.ActiveCfg = Release|Any CPU
		{033ED62E-69F7-49FA-BF55-875E53B4044E}.Release|Any CPU.Build.0 = Release|Any CPU
		{17F3C660-BCBC-4983-8F24-4BB4BB178C76}.Debug|Any CPU.ActiveCfg = Debug|Any CPU
		{17F3C660-BCBC-4983-8F24-4BB4BB178C76}.Debug|Any CPU.Build.0 = Debug|Any CPU
		{17F3C660-BCBC-4983-8F24-4BB4BB178C76}.Release|Any CPU.ActiveCfg = Release|Any CPU
		{17F3C660-BCBC-4983-8F24-4BB4BB178C76}.Release|Any CPU.Build.0 = Release|Any CPU
		{DF154719-CABF-430F-9102-E70BC80E1061}.Debug|Any CPU.ActiveCfg = Debug|Any CPU
		{DF154719-CABF-430F-9102-E70BC80E1061}.Debug|Any CPU.Build.0 = Debug|Any CPU
		{DF154719-CABF-430F-9102-E70BC80E1061}.Release|Any CPU.ActiveCfg = Release|Any CPU
		{DF154719-CABF-430F-9102-E70BC80E1061}.Release|Any CPU.Build.0 = Release|Any CPU
		{671A16B4-DE0A-4EDC-9C87-74EE147E74EF}.Debug|Any CPU.ActiveCfg = Debug|Any CPU
		{671A16B4-DE0A-4EDC-9C87-74EE147E74EF}.Debug|Any CPU.Build.0 = Debug|Any CPU
		{671A16B4-DE0A-4EDC-9C87-74EE147E74EF}.Release|Any CPU.ActiveCfg = Release|Any CPU
		{671A16B4-DE0A-4EDC-9C87-74EE147E74EF}.Release|Any CPU.Build.0 = Release|Any CPU
		{E95DA172-20EF-4ACF-9A03-99D6F539758B}.Debug|Any CPU.ActiveCfg = Debug|Any CPU
		{E95DA172-20EF-4ACF-9A03-99D6F539758B}.Debug|Any CPU.Build.0 = Debug|Any CPU
		{E95DA172-20EF-4ACF-9A03-99D6F539758B}.Release|Any CPU.ActiveCfg = Release|Any CPU
		{E95DA172-20EF-4ACF-9A03-99D6F539758B}.Release|Any CPU.Build.0 = Release|Any CPU
		{A03709C9-164D-4B9C-BDA0-7F95A5835B64}.Debug|Any CPU.ActiveCfg = Debug|Any CPU
		{A03709C9-164D-4B9C-BDA0-7F95A5835B64}.Debug|Any CPU.Build.0 = Debug|Any CPU
		{A03709C9-164D-4B9C-BDA0-7F95A5835B64}.Release|Any CPU.ActiveCfg = Release|Any CPU
		{A03709C9-164D-4B9C-BDA0-7F95A5835B64}.Release|Any CPU.Build.0 = Release|Any CPU
		{FD8BFEF2-4B3D-451E-B3FD-2FEF41739E88}.Debug|Any CPU.ActiveCfg = Debug|Any CPU
		{FD8BFEF2-4B3D-451E-B3FD-2FEF41739E88}.Debug|Any CPU.Build.0 = Debug|Any CPU
		{FD8BFEF2-4B3D-451E-B3FD-2FEF41739E88}.Release|Any CPU.ActiveCfg = Release|Any CPU
		{FD8BFEF2-4B3D-451E-B3FD-2FEF41739E88}.Release|Any CPU.Build.0 = Release|Any CPU
		{4B94D33C-C687-431C-8925-7C6EA8D37AE7}.Debug|Any CPU.ActiveCfg = Debug|Any CPU
		{4B94D33C-C687-431C-8925-7C6EA8D37AE7}.Debug|Any CPU.Build.0 = Debug|Any CPU
		{4B94D33C-C687-431C-8925-7C6EA8D37AE7}.Release|Any CPU.ActiveCfg = Release|Any CPU
		{4B94D33C-C687-431C-8925-7C6EA8D37AE7}.Release|Any CPU.Build.0 = Release|Any CPU
		{C7BA0307-7452-4B8B-B4E8-37093816F5AE}.Debug|Any CPU.ActiveCfg = Debug|Any CPU
		{C7BA0307-7452-4B8B-B4E8-37093816F5AE}.Debug|Any CPU.Build.0 = Debug|Any CPU
		{C7BA0307-7452-4B8B-B4E8-37093816F5AE}.Release|Any CPU.ActiveCfg = Release|Any CPU
		{C7BA0307-7452-4B8B-B4E8-37093816F5AE}.Release|Any CPU.Build.0 = Release|Any CPU
		{C5C27F3A-7AB4-4465-A7C3-8A932496B0AB}.Debug|Any CPU.ActiveCfg = Debug|Any CPU
		{C5C27F3A-7AB4-4465-A7C3-8A932496B0AB}.Debug|Any CPU.Build.0 = Debug|Any CPU
		{C5C27F3A-7AB4-4465-A7C3-8A932496B0AB}.Release|Any CPU.ActiveCfg = Release|Any CPU
		{C5C27F3A-7AB4-4465-A7C3-8A932496B0AB}.Release|Any CPU.Build.0 = Release|Any CPU
		{6794BE00-0E48-4E59-9943-45EDDADF0DE7}.Debug|Any CPU.ActiveCfg = Debug|Any CPU
		{6794BE00-0E48-4E59-9943-45EDDADF0DE7}.Debug|Any CPU.Build.0 = Debug|Any CPU
		{6794BE00-0E48-4E59-9943-45EDDADF0DE7}.Release|Any CPU.ActiveCfg = Release|Any CPU
		{6794BE00-0E48-4E59-9943-45EDDADF0DE7}.Release|Any CPU.Build.0 = Release|Any CPU
		{2C472564-B47D-4AD0-AFD3-777D43D3F68F}.Debug|Any CPU.ActiveCfg = Debug|Any CPU
		{2C472564-B47D-4AD0-AFD3-777D43D3F68F}.Debug|Any CPU.Build.0 = Debug|Any CPU
		{2C472564-B47D-4AD0-AFD3-777D43D3F68F}.Release|Any CPU.ActiveCfg = Release|Any CPU
		{2C472564-B47D-4AD0-AFD3-777D43D3F68F}.Release|Any CPU.Build.0 = Release|Any CPU
	EndGlobalSection
	GlobalSection(SolutionProperties) = preSolution
		HideSolutionNode = FALSE
	EndGlobalSection
	GlobalSection(NestedProjects) = preSolution
		{836088AB-88B4-4C94-8096-E6E6F95CFA6E} = {307389D5-CF3B-4F9E-A519-14FA3F89A998}
		{6A49D105-9EC0-4CD0-BED2-749A5E326F47} = {307389D5-CF3B-4F9E-A519-14FA3F89A998}
		{D2224426-2EBC-4756-974F-86115019EA63} = {307389D5-CF3B-4F9E-A519-14FA3F89A998}
		{033ED62E-69F7-49FA-BF55-875E53B4044E} = {28C63F79-05B5-48ED-A365-A5E41BD619D4}
		{17F3C660-BCBC-4983-8F24-4BB4BB178C76} = {28C63F79-05B5-48ED-A365-A5E41BD619D4}
		{DF154719-CABF-430F-9102-E70BC80E1061} = {28C63F79-05B5-48ED-A365-A5E41BD619D4}
		{671A16B4-DE0A-4EDC-9C87-74EE147E74EF} = {28C63F79-05B5-48ED-A365-A5E41BD619D4}
		{E95DA172-20EF-4ACF-9A03-99D6F539758B} = {28C63F79-05B5-48ED-A365-A5E41BD619D4}
		{A03709C9-164D-4B9C-BDA0-7F95A5835B64} = {28C63F79-05B5-48ED-A365-A5E41BD619D4}
		{FD8BFEF2-4B3D-451E-B3FD-2FEF41739E88} = {6A49D105-9EC0-4CD0-BED2-749A5E326F47}
		{1FDA3F76-53FE-4EA7-8D6E-480EA75C6213} = {307389D5-CF3B-4F9E-A519-14FA3F89A998}
		{4B94D33C-C687-431C-8925-7C6EA8D37AE7} = {1FDA3F76-53FE-4EA7-8D6E-480EA75C6213}
		{EA2E4F87-58D6-4D2E-9496-4763B0D24C2F} = {D2224426-2EBC-4756-974F-86115019EA63}
		{C7BA0307-7452-4B8B-B4E8-37093816F5AE} = {EA2E4F87-58D6-4D2E-9496-4763B0D24C2F}
		{C5C27F3A-7AB4-4465-A7C3-8A932496B0AB} = {836088AB-88B4-4C94-8096-E6E6F95CFA6E}
		{2DC53A8A-6DD3-48DF-A281-9EAFB4DC9C12} = {28C63F79-05B5-48ED-A365-A5E41BD619D4}
		{6794BE00-0E48-4E59-9943-45EDDADF0DE7} = {2DC53A8A-6DD3-48DF-A281-9EAFB4DC9C12}
		{2C472564-B47D-4AD0-AFD3-777D43D3F68F} = {1FDA3F76-53FE-4EA7-8D6E-480EA75C6213}
	EndGlobalSection
	GlobalSection(ExtensibilityGlobals) = postSolution
		SolutionGuid = {A7E1381D-2DD6-4AC8-9C98-BC540AC1F4B9}
	EndGlobalSection
EndGlobal
